
Microsoft Visual Studio Solution File, Format Version 10.00
# Visual Studio 2008
Project("{FAE04EC0-301F-11D3-BF4B-00C04F79EFBC}") = "HelpfulHighlighter", "HelpfulHighlighter.csproj", "{454AA970-3BB8-4DFE-9AC5-4E9A55D4DAF3}"
EndProject
Global
	GlobalSection(SolutionConfigurationPlatforms) = preSolution
		Debug|Any CPU = Debug|Any CPU
		Release|Any CPU = Release|Any CPU
	EndGlobalSection
	GlobalSection(ProjectConfigurationPlatforms) = postSolution
		{454AA970-3BB8-4DFE-9AC5-4E9A55D4DAF3}.Debug|Any CPU.ActiveCfg = Debug|Any CPU
		{454AA970-3BB8-4DFE-9AC5-4E9A55D4DAF3}.Debug|Any CPU.Build.0 = Debug|Any CPU
		{454AA970-3BB8-4DFE-9AC5-4E9A55D4DAF3}.Release|Any CPU.ActiveCfg = Release|Any CPU
		{454AA970-3BB8-4DFE-9AC5-4E9A55D4DAF3}.Release|Any CPU.Build.0 = Release|Any CPU
	EndGlobalSection
	GlobalSection(SolutionProperties) = preSolution
		HideSolutionNode = FALSE
	EndGlobalSection
EndGlobal
